
Microsoft Visual Studio Solution File, Format Version 12.00
# Visual Studio Version 16
VisualStudioVersion = 16.0.31129.286
MinimumVisualStudioVersion = 10.0.40219.1
Project("{2150E333-8FDC-42A3-9474-1A3956D46DE8}") = "src", "src", "{FEDACB8D-3787-41C8-8A5C-D09B6463F099}"
EndProject
Project("{2150E333-8FDC-42A3-9474-1A3956D46DE8}") = "tests", "tests", "{6D799CF3-0C12-4707-B789-D332B18EE555}"
EndProject
Project("{2150E333-8FDC-42A3-9474-1A3956D46DE8}") = "UI", "UI", "{FC400F14-77F3-4B40-B21D-FBBBC53B1474}"
EndProject
Project("{2150E333-8FDC-42A3-9474-1A3956D46DE8}") = "Core", "Core", "{40FBB85C-649A-42D8-872F-708F5A9804D2}"
EndProject
Project("{2150E333-8FDC-42A3-9474-1A3956D46DE8}") = "Infrastucture", "Infrastucture", "{B8D6C760-D88D-443C-8778-540472E6C025}"
EndProject
Project("{2150E333-8FDC-42A3-9474-1A3956D46DE8}") = "FunctionalTests", "FunctionalTests", "{2E36CE09-18CF-4B44-83E8-AB2A6EC997EE}"
EndProject
Project("{2150E333-8FDC-42A3-9474-1A3956D46DE8}") = "IntegrationTests", "IntegrationTests", "{96D159E9-E1E2-4CDE-BD23-605408E997DE}"
EndProject
Project("{2150E333-8FDC-42A3-9474-1A3956D46DE8}") = "UnitTests", "UnitTests", "{E96F8BEA-709A-4384-AFA3-570DABE93372}"
EndProject
Project("{9A19103F-16F7-4668-BE54-9A1E7A4F7556}") = "Scrumboard.Domain", "src\Core\Domain\Scrumboard.Domain.csproj", "{0906D5DE-F0FB-46C7-89BC-CEB3EAB26346}"
EndProject
Project("{9A19103F-16F7-4668-BE54-9A1E7A4F7556}") = "Scrumboard.Application", "src\Core\Application\Scrumboard.Application.csproj", "{43CE164A-334E-4BD4-8C14-F9DAAF4901B5}"
EndProject
Project("{9A19103F-16F7-4668-BE54-9A1E7A4F7556}") = "Scrumboard.Infrastructure", "src\Infrastructure\Scrumboard.Infrastructure.csproj", "{CAD3D0AF-396E-4AEE-A614-2F16D51C53A3}"
EndProject
Project("{9A19103F-16F7-4668-BE54-9A1E7A4F7556}") = "Scrumboard.Web", "src\UI\Web\Scrumboard.Web.csproj", "{A3DD56B4-63EF-4D21-9CB0-1982B8764E11}"
EndProject
Project("{9A19103F-16F7-4668-BE54-9A1E7A4F7556}") = "Scrumboard.Application.UnitTests", "tests\UnitTests\Scrumboard.Application.UnitTests\Scrumboard.Application.UnitTests.csproj", "{BD0FAF7A-3686-42FA-9C0A-9202F3BCF289}"
EndProject
Global
	GlobalSection(SolutionConfigurationPlatforms) = preSolution
		Debug|Any CPU = Debug|Any CPU
		Release|Any CPU = Release|Any CPU
	EndGlobalSection
	GlobalSection(ProjectConfigurationPlatforms) = postSolution
		{0906D5DE-F0FB-46C7-89BC-CEB3EAB26346}.Debug|Any CPU.ActiveCfg = Debug|Any CPU
		{0906D5DE-F0FB-46C7-89BC-CEB3EAB26346}.Debug|Any CPU.Build.0 = Debug|Any CPU
		{0906D5DE-F0FB-46C7-89BC-CEB3EAB26346}.Release|Any CPU.ActiveCfg = Release|Any CPU
		{0906D5DE-F0FB-46C7-89BC-CEB3EAB26346}.Release|Any CPU.Build.0 = Release|Any CPU
		{43CE164A-334E-4BD4-8C14-F9DAAF4901B5}.Debug|Any CPU.ActiveCfg = Debug|Any CPU
		{43CE164A-334E-4BD4-8C14-F9DAAF4901B5}.Debug|Any CPU.Build.0 = Debug|Any CPU
		{43CE164A-334E-4BD4-8C14-F9DAAF4901B5}.Release|Any CPU.ActiveCfg = Release|Any CPU
		{43CE164A-334E-4BD4-8C14-F9DAAF4901B5}.Release|Any CPU.Build.0 = Release|Any CPU
		{CAD3D0AF-396E-4AEE-A614-2F16D51C53A3}.Debug|Any CPU.ActiveCfg = Debug|Any CPU
		{CAD3D0AF-396E-4AEE-A614-2F16D51C53A3}.Debug|Any CPU.Build.0 = Debug|Any CPU
		{CAD3D0AF-396E-4AEE-A614-2F16D51C53A3}.Release|Any CPU.ActiveCfg = Release|Any CPU
		{CAD3D0AF-396E-4AEE-A614-2F16D51C53A3}.Release|Any CPU.Build.0 = Release|Any CPU
		{A3DD56B4-63EF-4D21-9CB0-1982B8764E11}.Debug|Any CPU.ActiveCfg = Debug|Any CPU
		{A3DD56B4-63EF-4D21-9CB0-1982B8764E11}.Debug|Any CPU.Build.0 = Debug|Any CPU
		{A3DD56B4-63EF-4D21-9CB0-1982B8764E11}.Release|Any CPU.ActiveCfg = Release|Any CPU
		{A3DD56B4-63EF-4D21-9CB0-1982B8764E11}.Release|Any CPU.Build.0 = Release|Any CPU
		{BD0FAF7A-3686-42FA-9C0A-9202F3BCF289}.Debug|Any CPU.ActiveCfg = Debug|Any CPU
		{BD0FAF7A-3686-42FA-9C0A-9202F3BCF289}.Debug|Any CPU.Build.0 = Debug|Any CPU
		{BD0FAF7A-3686-42FA-9C0A-9202F3BCF289}.Release|Any CPU.ActiveCfg = Release|Any CPU
		{BD0FAF7A-3686-42FA-9C0A-9202F3BCF289}.Release|Any CPU.Build.0 = Release|Any CPU
	EndGlobalSection
	GlobalSection(SolutionProperties) = preSolution
		HideSolutionNode = FALSE
	EndGlobalSection
	GlobalSection(NestedProjects) = preSolution
		{FC400F14-77F3-4B40-B21D-FBBBC53B1474} = {FEDACB8D-3787-41C8-8A5C-D09B6463F099}
		{40FBB85C-649A-42D8-872F-708F5A9804D2} = {FEDACB8D-3787-41C8-8A5C-D09B6463F099}
		{B8D6C760-D88D-443C-8778-540472E6C025} = {FEDACB8D-3787-41C8-8A5C-D09B6463F099}
		{2E36CE09-18CF-4B44-83E8-AB2A6EC997EE} = {6D799CF3-0C12-4707-B789-D332B18EE555}
		{96D159E9-E1E2-4CDE-BD23-605408E997DE} = {6D799CF3-0C12-4707-B789-D332B18EE555}
		{E96F8BEA-709A-4384-AFA3-570DABE93372} = {6D799CF3-0C12-4707-B789-D332B18EE555}
		{0906D5DE-F0FB-46C7-89BC-CEB3EAB26346} = {40FBB85C-649A-42D8-872F-708F5A9804D2}
		{43CE164A-334E-4BD4-8C14-F9DAAF4901B5} = {40FBB85C-649A-42D8-872F-708F5A9804D2}
		{CAD3D0AF-396E-4AEE-A614-2F16D51C53A3} = {B8D6C760-D88D-443C-8778-540472E6C025}
		{A3DD56B4-63EF-4D21-9CB0-1982B8764E11} = {FC400F14-77F3-4B40-B21D-FBBBC53B1474}
		{BD0FAF7A-3686-42FA-9C0A-9202F3BCF289} = {E96F8BEA-709A-4384-AFA3-570DABE93372}
	EndGlobalSection
	GlobalSection(ExtensibilityGlobals) = postSolution
		SolutionGuid = {BC39ECCE-AB63-4FAF-AC84-4AC6531F35A4}
	EndGlobalSection
EndGlobal
